
Microsoft Visual Studio Solution File, Format Version 12.00
# Visual Studio Version 17
VisualStudioVersion = 17.14.36518.9 d17.14
MinimumVisualStudioVersion = 10.0.40219.1
Project("{FAE04EC0-301F-11D3-BF4B-00C04F79EFBC}") = "LoginForm19", "LoginForm19\LoginForm19.csproj", "{FF9CB2CB-F838-4B71-B214-2043468A7E38}"
EndProject
Global
	GlobalSection(SolutionConfigurationPlatforms) = preSolution
		Debug|Any CPU = Debug|Any CPU
		Release|Any CPU = Release|Any CPU
	EndGlobalSection
	GlobalSection(ProjectConfigurationPlatforms) = postSolution
		{FF9CB2CB-F838-4B71-B214-2043468A7E38}.Debug|Any CPU.ActiveCfg = Debug|Any CPU
		{FF9CB2CB-F838-4B71-B214-2043468A7E38}.Debug|Any CPU.Build.0 = Debug|Any CPU
		{FF9CB2CB-F838-4B71-B214-2043468A7E38}.Release|Any CPU.ActiveCfg = Release|Any CPU
		{FF9CB2CB-F838-4B71-B214-2043468A7E38}.Release|Any CPU.Build.0 = Release|Any CPU
	EndGlobalSection
	GlobalSection(SolutionProperties) = preSolution
		HideSolutionNode = FALSE
	EndGlobalSection
	GlobalSection(ExtensibilityGlobals) = postSolution
		SolutionGuid = {47D8B93F-753C-48D1-969D-90F7A5A05029}
	EndGlobalSection
EndGlobal
